
Microsoft Visual Studio Solution File, Format Version 12.00
# Visual Studio Version 17
VisualStudioVersion = 17.0.31903.59
MinimumVisualStudioVersion = 10.0.40219.1
Project("{FAE04EC0-301F-11D3-BF4B-00C04F79EFBC}") = "Sot.Rebuild.AutomatedTests", "Sot.Rebuild.AutomatedTests.csproj", "{7E736C9C-94A7-4E1C-9049-F6A1E0240DAB}"
EndProject
Global
	GlobalSection(SolutionConfigurationPlatforms) = preSolution
		Debug|Any CPU = Debug|Any CPU
		Release|Any CPU = Release|Any CPU
	EndGlobalSection
	GlobalSection(SolutionProperties) = preSolution
		HideSolutionNode = FALSE
	EndGlobalSection
	GlobalSection(ProjectConfigurationPlatforms) = postSolution
		{7E736C9C-94A7-4E1C-9049-F6A1E0240DAB}.Debug|Any CPU.ActiveCfg = Debug|Any CPU
		{7E736C9C-94A7-4E1C-9049-F6A1E0240DAB}.Debug|Any CPU.Build.0 = Debug|Any CPU
		{7E736C9C-94A7-4E1C-9049-F6A1E0240DAB}.Release|Any CPU.ActiveCfg = Release|Any CPU
		{7E736C9C-94A7-4E1C-9049-F6A1E0240DAB}.Release|Any CPU.Build.0 = Release|Any CPU
	EndGlobalSection
EndGlobal
